
Microsoft Visual Studio Solution File, Format Version 12.00
# Visual Studio 15
VisualStudioVersion = 15.0.27130.2036
MinimumVisualStudioVersion = 10.0.40219.1
Project("{8BC9CEB8-8B4A-11D0-8D11-00A0C91BC942}") = "ExchangeSystem_v4", "ExchangeSystem_v4\ExchangeSystem_v4.vcxproj", "{9FA83E44-6002-496D-BAB7-789D78D2AC39}"
EndProject
Global
	GlobalSection(SolutionConfigurationPlatforms) = preSolution
		Debug|x64 = Debug|x64
		Debug|x86 = Debug|x86
		Release|x64 = Release|x64
		Release|x86 = Release|x86
	EndGlobalSection
	GlobalSection(ProjectConfigurationPlatforms) = postSolution
		{9FA83E44-6002-496D-BAB7-789D78D2AC39}.Debug|x64.ActiveCfg = Debug|x64
		{9FA83E44-6002-496D-BAB7-789D78D2AC39}.Debug|x64.Build.0 = Debug|x64
		{9FA83E44-6002-496D-BAB7-789D78D2AC39}.Debug|x86.ActiveCfg = Debug|Win32
		{9FA83E44-6002-496D-BAB7-789D78D2AC39}.Debug|x86.Build.0 = Debug|Win32
		{9FA83E44-6002-496D-BAB7-789D78D2AC39}.Release|x64.ActiveCfg = Release|x64
		{9FA83E44-6002-496D-BAB7-789D78D2AC39}.Release|x64.Build.0 = Release|x64
		{9FA83E44-6002-496D-BAB7-789D78D2AC39}.Release|x86.ActiveCfg = Release|Win32
		{9FA83E44-6002-496D-BAB7-789D78D2AC39}.Release|x86.Build.0 = Release|Win32
	EndGlobalSection
	GlobalSection(SolutionProperties) = preSolution
		HideSolutionNode = FALSE
	EndGlobalSection
	GlobalSection(ExtensibilityGlobals) = postSolution
		SolutionGuid = {C9DAE73A-1490-404E-87FE-33EFF051C52F}
	EndGlobalSection
EndGlobal
